
Microsoft Visual Studio Solution File, Format Version 11.00
# Visual Studio 2010
Project("{FAE04EC0-301F-11D3-BF4B-00C04F79EFBC}") = "Keebuntu", "Keebuntu\Keebuntu.csproj", "{AF47CF84-8823-4A58-9E79-543970D5BCA1}"
EndProject
Project("{FAE04EC0-301F-11D3-BF4B-00C04F79EFBC}") = "KeePass", "KeePassPluginDevTools\keepass2\KeePass\KeePass.csproj", "{10938016-DEE2-4A25-9A5A-8FD3444379CA}"
EndProject
Global
	GlobalSection(SolutionConfigurationPlatforms) = preSolution
		Debug|x86 = Debug|x86
		Release|x86 = Release|x86
	EndGlobalSection
	GlobalSection(ProjectConfigurationPlatforms) = postSolution
		{10938016-DEE2-4A25-9A5A-8FD3444379CA}.Debug|x86.ActiveCfg = Debug|Any CPU
		{10938016-DEE2-4A25-9A5A-8FD3444379CA}.Debug|x86.Build.0 = Debug|Any CPU
		{10938016-DEE2-4A25-9A5A-8FD3444379CA}.Release|x86.ActiveCfg = Release|Any CPU
		{10938016-DEE2-4A25-9A5A-8FD3444379CA}.Release|x86.Build.0 = Release|Any CPU
		{AF47CF84-8823-4A58-9E79-543970D5BCA1}.Debug|x86.ActiveCfg = Debug|x86
		{AF47CF84-8823-4A58-9E79-543970D5BCA1}.Debug|x86.Build.0 = Debug|x86
		{AF47CF84-8823-4A58-9E79-543970D5BCA1}.Release|x86.ActiveCfg = Release|x86
		{AF47CF84-8823-4A58-9E79-543970D5BCA1}.Release|x86.Build.0 = Release|x86
	EndGlobalSection
	GlobalSection(MonoDevelopProperties) = preSolution
		StartupItem = Keebuntu\Keebuntu.csproj
		Policies = $0
		$0.TextStylePolicy = $1
		$1.inheritsSet = null
		$1.scope = text/x-csharp
		$0.CSharpFormattingPolicy = $2
		$2.IndentSwitchBody = True
		$2.AnonymousMethodBraceStyle = NextLine
		$2.IfElseBraceForcement = AddBraces
		$2.ForBraceForcement = AddBraces
		$2.WhileBraceForcement = AddBraces
		$2.UsingBraceForcement = AddBraces
		$2.FixedBraceForcement = AddBraces
		$2.ElseIfNewLinePlacement = SameLine
		$2.BeforeMethodDeclarationParentheses = False
		$2.BeforeConstructorDeclarationParentheses = False
		$2.BeforeIndexerDeclarationBracket = False
		$2.BeforeDelegateDeclarationParentheses = False
		$2.AfterDelegateDeclarationParameterComma = True
		$2.inheritsSet = Mono
		$2.inheritsScope = text/x-csharp
		$2.scope = text/x-csharp
		$0.TextStylePolicy = $3
		$3.TabWidth = 2
		$3.IndentWidth = 2
		$3.inheritsSet = VisualStudio
		$3.inheritsScope = text/plain
		$3.scope = text/plain
	EndGlobalSection
EndGlobal
