
Microsoft Visual Studio Solution File, Format Version 11.00
# Visual Studio 2010
Project("{FAE04EC0-301F-11D3-BF4B-00C04F79EFBC}") = "AppMenuPlugin", "ApplicationMenu\AppMenuPlugin.csproj", "{AF47CF84-8823-4A58-9E79-543970D5BCA1}"
EndProject
Project("{FAE04EC0-301F-11D3-BF4B-00C04F79EFBC}") = "DBus", "DBus\DBus.csproj", "{B20055CC-0AD7-4DCB-BA74-8DC54DEF6B6B}"
EndProject
Project("{FAE04EC0-301F-11D3-BF4B-00C04F79EFBC}") = "AppIndicatorPlugin", "ApplicationIndicator\AppIndicatorPlugin.csproj", "{12ED99CD-CE00-4AC2-A0B6-3B9714597927}"
EndProject
Project("{FAE04EC0-301F-11D3-BF4B-00C04F79EFBC}") = "ImageMagick", "ImageMagick\ImageMagick.csproj", "{00BB4233-A62B-4B5F-9022-1C87157C9B37}"
EndProject
Global
	GlobalSection(SolutionConfigurationPlatforms) = preSolution
		Debug|Any CPU = Debug|Any CPU
		Release|Any CPU = Release|Any CPU
	EndGlobalSection
	GlobalSection(ProjectConfigurationPlatforms) = postSolution
		{00BB4233-A62B-4B5F-9022-1C87157C9B37}.Debug|Any CPU.ActiveCfg = Debug|Any CPU
		{00BB4233-A62B-4B5F-9022-1C87157C9B37}.Debug|Any CPU.Build.0 = Debug|Any CPU
		{00BB4233-A62B-4B5F-9022-1C87157C9B37}.Release|Any CPU.ActiveCfg = Release|Any CPU
		{00BB4233-A62B-4B5F-9022-1C87157C9B37}.Release|Any CPU.Build.0 = Release|Any CPU
		{12ED99CD-CE00-4AC2-A0B6-3B9714597927}.Debug|Any CPU.ActiveCfg = Debug|Any CPU
		{12ED99CD-CE00-4AC2-A0B6-3B9714597927}.Debug|Any CPU.Build.0 = Debug|Any CPU
		{12ED99CD-CE00-4AC2-A0B6-3B9714597927}.Release|Any CPU.ActiveCfg = Release|Any CPU
		{12ED99CD-CE00-4AC2-A0B6-3B9714597927}.Release|Any CPU.Build.0 = Release|Any CPU
		{AF47CF84-8823-4A58-9E79-543970D5BCA1}.Debug|Any CPU.ActiveCfg = Debug|Any CPU
		{AF47CF84-8823-4A58-9E79-543970D5BCA1}.Debug|Any CPU.Build.0 = Debug|Any CPU
		{AF47CF84-8823-4A58-9E79-543970D5BCA1}.Release|Any CPU.ActiveCfg = Release|Any CPU
		{AF47CF84-8823-4A58-9E79-543970D5BCA1}.Release|Any CPU.Build.0 = Release|Any CPU
		{B20055CC-0AD7-4DCB-BA74-8DC54DEF6B6B}.Debug|Any CPU.ActiveCfg = Debug|Any CPU
		{B20055CC-0AD7-4DCB-BA74-8DC54DEF6B6B}.Debug|Any CPU.Build.0 = Debug|Any CPU
		{B20055CC-0AD7-4DCB-BA74-8DC54DEF6B6B}.Release|Any CPU.ActiveCfg = Release|Any CPU
		{B20055CC-0AD7-4DCB-BA74-8DC54DEF6B6B}.Release|Any CPU.Build.0 = Release|Any CPU
	EndGlobalSection
	GlobalSection(MonoDevelopProperties) = preSolution
		StartupItem = ApplicationIndicator\AppIndicatorPlugin.csproj
		Policies = $0
		$0.TextStylePolicy = $1
		$1.inheritsSet = null
		$1.scope = text/x-csharp
		$0.CSharpFormattingPolicy = $2
		$2.IndentSwitchBody = True
		$2.AnonymousMethodBraceStyle = NextLine
		$2.IfElseBraceForcement = AddBraces
		$2.ForBraceForcement = AddBraces
		$2.WhileBraceForcement = AddBraces
		$2.UsingBraceForcement = AddBraces
		$2.FixedBraceForcement = AddBraces
		$2.ElseIfNewLinePlacement = SameLine
		$2.BeforeMethodDeclarationParentheses = False
		$2.BeforeMethodCallParentheses = False
		$2.BeforeConstructorDeclarationParentheses = False
		$2.BeforeIndexerDeclarationBracket = False
		$2.BeforeDelegateDeclarationParentheses = False
		$2.AfterDelegateDeclarationParameterComma = True
		$2.NewParentheses = False
		$2.SpacesBeforeBrackets = False
		$2.inheritsSet = Mono
		$2.inheritsScope = text/x-csharp
		$2.scope = text/x-csharp
		$0.TextStylePolicy = $3
		$3.TabWidth = 2
		$3.IndentWidth = 2
		$3.inheritsSet = VisualStudio
		$3.inheritsScope = text/plain
		$3.scope = text/plain
		$0.DotNetNamingPolicy = $4
		$4.DirectoryNamespaceAssociation = None
		$4.ResourceNamePolicy = FileFormatDefault
		$0.TextStylePolicy = $5
		$5.inheritsSet = null
		$5.scope = application/xml
		$0.XmlFormattingPolicy = $6
		$6.inheritsSet = Mono
		$6.inheritsScope = application/xml
		$6.scope = application/xml
		$0.TextStylePolicy = $7
		$7.inheritsSet = null
		$7.scope = application/config+xml
		$0.XmlFormattingPolicy = $8
		$8.inheritsSet = null
		$8.scope = application/config+xml
		$0.TextStylePolicy = $9
		$9.inheritsSet = null
		$9.scope = image/svg+xml
		$0.XmlFormattingPolicy = $10
		$10.inheritsSet = null
		$10.scope = image/svg+xml
		$0.StandardHeader = $11
		$11.Text = 
		$11.IncludeInNewFiles = True
		$0.NameConventionPolicy = $12
		$12.Rules = $13
		$13.NamingRule = $14
		$14.Name = Namespaces
		$14.AffectedEntity = Namespace
		$14.VisibilityMask = VisibilityMask
		$14.NamingStyle = PascalCase
		$14.IncludeInstanceMembers = True
		$14.IncludeStaticEntities = True
		$13.NamingRule = $15
		$15.Name = Types
		$15.AffectedEntity = Class, Struct, Enum, Delegate
		$15.VisibilityMask = VisibilityMask
		$15.NamingStyle = PascalCase
		$15.IncludeInstanceMembers = True
		$15.IncludeStaticEntities = True
		$13.NamingRule = $16
		$16.Name = Interfaces
		$16.RequiredPrefixes = $17
		$17.String = I
		$16.AffectedEntity = Interface
		$16.VisibilityMask = VisibilityMask
		$16.NamingStyle = PascalCase
		$16.IncludeInstanceMembers = True
		$16.IncludeStaticEntities = True
		$13.NamingRule = $18
		$18.Name = Attributes
		$18.RequiredSuffixes = $19
		$19.String = Attribute
		$18.AffectedEntity = CustomAttributes
		$18.VisibilityMask = VisibilityMask
		$18.NamingStyle = PascalCase
		$18.IncludeInstanceMembers = True
		$18.IncludeStaticEntities = True
		$13.NamingRule = $20
		$20.Name = Event Arguments
		$20.RequiredSuffixes = $21
		$21.String = EventArgs
		$20.AffectedEntity = CustomEventArgs
		$20.VisibilityMask = VisibilityMask
		$20.NamingStyle = PascalCase
		$20.IncludeInstanceMembers = True
		$20.IncludeStaticEntities = True
		$13.NamingRule = $22
		$22.Name = Exceptions
		$22.RequiredSuffixes = $23
		$23.String = Exception
		$22.AffectedEntity = CustomExceptions
		$22.VisibilityMask = VisibilityMask
		$22.NamingStyle = PascalCase
		$22.IncludeInstanceMembers = True
		$22.IncludeStaticEntities = True
		$13.NamingRule = $24
		$24.Name = Methods
		$24.AffectedEntity = Methods
		$24.VisibilityMask = VisibilityMask
		$24.NamingStyle = PascalCase
		$24.IncludeInstanceMembers = True
		$24.IncludeStaticEntities = True
		$13.NamingRule = $25
		$25.Name = Static Readonly Fields
		$25.AffectedEntity = ReadonlyField
		$25.VisibilityMask = Internal, Protected, Public
		$25.NamingStyle = PascalCase
		$25.IncludeInstanceMembers = False
		$25.IncludeStaticEntities = True
		$13.NamingRule = $26
		$26.Name = Fields (Non Private)
		$26.AffectedEntity = Field
		$26.VisibilityMask = Internal, Protected, Public
		$26.NamingStyle = PascalCase
		$26.IncludeInstanceMembers = True
		$26.IncludeStaticEntities = True
		$13.NamingRule = $27
		$27.Name = ReadOnly Fields (Non Private)
		$27.AffectedEntity = ReadonlyField
		$27.VisibilityMask = Internal, Protected, Public
		$27.NamingStyle = PascalCase
		$27.IncludeInstanceMembers = True
		$27.IncludeStaticEntities = False
		$13.NamingRule = $28
		$28.Name = Fields (Private)
		$28.AllowedPrefixes = $29
		$29.String = _
		$29.String = m_
		$28.AffectedEntity = Field, ReadonlyField
		$28.VisibilityMask = Private
		$28.NamingStyle = CamelCase
		$28.IncludeInstanceMembers = True
		$28.IncludeStaticEntities = False
		$13.NamingRule = $30
		$30.Name = Static Fields (Private)
		$30.AffectedEntity = Field
		$30.VisibilityMask = Private
		$30.NamingStyle = CamelCase
		$30.IncludeInstanceMembers = False
		$30.IncludeStaticEntities = True
		$13.NamingRule = $31
		$31.Name = ReadOnly Fields (Private)
		$31.AllowedPrefixes = $32
		$32.String = _
		$32.String = m_
		$31.AffectedEntity = ReadonlyField
		$31.VisibilityMask = Private
		$31.NamingStyle = CamelCase
		$31.IncludeInstanceMembers = True
		$31.IncludeStaticEntities = False
		$13.NamingRule = $33
		$33.Name = Constant Fields
		$33.AffectedEntity = ConstantField
		$33.VisibilityMask = VisibilityMask
		$33.NamingStyle = PascalCase
		$33.IncludeInstanceMembers = True
		$33.IncludeStaticEntities = True
		$13.NamingRule = $34
		$34.Name = Properties
		$34.AffectedEntity = Property
		$34.VisibilityMask = VisibilityMask
		$34.NamingStyle = PascalCase
		$34.IncludeInstanceMembers = True
		$34.IncludeStaticEntities = True
		$13.NamingRule = $35
		$35.Name = Events
		$35.AffectedEntity = Event
		$35.VisibilityMask = VisibilityMask
		$35.NamingStyle = PascalCase
		$35.IncludeInstanceMembers = True
		$35.IncludeStaticEntities = True
		$13.NamingRule = $36
		$36.Name = Enum Members
		$36.AffectedEntity = EnumMember
		$36.VisibilityMask = VisibilityMask
		$36.NamingStyle = PascalCase
		$36.IncludeInstanceMembers = True
		$36.IncludeStaticEntities = True
		$13.NamingRule = $37
		$37.Name = Parameters
		$37.AffectedEntity = Parameter
		$37.VisibilityMask = VisibilityMask
		$37.NamingStyle = CamelCase
		$37.IncludeInstanceMembers = True
		$37.IncludeStaticEntities = True
		$13.NamingRule = $38
		$38.Name = Type Parameters
		$38.RequiredPrefixes = $39
		$39.String = T
		$38.AffectedEntity = TypeParameter
		$38.VisibilityMask = VisibilityMask
		$38.NamingStyle = PascalCase
		$38.IncludeInstanceMembers = True
		$38.IncludeStaticEntities = True
		description = Ubuntu Unity integration for KeePass 2.x
		version = 0.2.4
	EndGlobalSection
EndGlobal
